
Microsoft Visual Studio Solution File, Format Version 12.00
# Visual Studio Version 17
VisualStudioVersion = 17.9.34902.65
MinimumVisualStudioVersion = 10.0.40219.1
Project("{FAE04EC0-301F-11D3-BF4B-00C04F79EFBC}") = "ViandasDelSur", "ViandasDelSur\ViandasDelSur.csproj", "{D702EA3D-F676-41EB-B142-305D8388E278}"
EndProject
Global
	GlobalSection(SolutionConfigurationPlatforms) = preSolution
		Debug|Any CPU = Debug|Any CPU
		Release|Any CPU = Release|Any CPU
	EndGlobalSection
	GlobalSection(ProjectConfigurationPlatforms) = postSolution
		{D702EA3D-F676-41EB-B142-305D8388E278}.Debug|Any CPU.ActiveCfg = Debug|Any CPU
		{D702EA3D-F676-41EB-B142-305D8388E278}.Debug|Any CPU.Build.0 = Debug|Any CPU
		{D702EA3D-F676-41EB-B142-305D8388E278}.Release|Any CPU.ActiveCfg = Release|Any CPU
		{D702EA3D-F676-41EB-B142-305D8388E278}.Release|Any CPU.Build.0 = Release|Any CPU
	EndGlobalSection
	GlobalSection(SolutionProperties) = preSolution
		HideSolutionNode = FALSE
	EndGlobalSection
	GlobalSection(ExtensibilityGlobals) = postSolution
		SolutionGuid = {838524E1-E94C-45D4-B1D9-D34BC243E929}
	EndGlobalSection
EndGlobal
